
Microsoft Visual Studio Solution File, Format Version 12.00
# Visual Studio Version 17
VisualStudioVersion = 17.3.32825.248
MinimumVisualStudioVersion = 10.0.40219.1
Project("{9A19103F-16F7-4668-BE54-9A1E7A4F7556}") = "demoasm2", "demoasm2.csproj", "{FFE15372-A746-46FA-812C-3A581472F43D}"
EndProject
Global
	GlobalSection(SolutionConfigurationPlatforms) = preSolution
		Debug|Any CPU = Debug|Any CPU
		Release|Any CPU = Release|Any CPU
	EndGlobalSection
	GlobalSection(ProjectConfigurationPlatforms) = postSolution
		{FFE15372-A746-46FA-812C-3A581472F43D}.Debug|Any CPU.ActiveCfg = Debug|Any CPU
		{FFE15372-A746-46FA-812C-3A581472F43D}.Debug|Any CPU.Build.0 = Debug|Any CPU
		{FFE15372-A746-46FA-812C-3A581472F43D}.Release|Any CPU.ActiveCfg = Release|Any CPU
		{FFE15372-A746-46FA-812C-3A581472F43D}.Release|Any CPU.Build.0 = Release|Any CPU
	EndGlobalSection
	GlobalSection(SolutionProperties) = preSolution
		HideSolutionNode = FALSE
	EndGlobalSection
	GlobalSection(ExtensibilityGlobals) = postSolution
		SolutionGuid = {B54FE84A-D8B7-48C3-9E66-6B6E30BC6E41}
	EndGlobalSection
EndGlobal
